
Microsoft Visual Studio Solution File, Format Version 12.00
# Visual Studio Version 16
VisualStudioVersion = 16.0.31313.79
MinimumVisualStudioVersion = 10.0.40219.1
Project("{9A19103F-16F7-4668-BE54-9A1E7A4F7556}") = "ShopBridge", "ShopBridge\ShopBridge.csproj", "{946AEAA7-0332-4EF5-A573-3B6788E1EB94}"
EndProject
Project("{9A19103F-16F7-4668-BE54-9A1E7A4F7556}") = "ShopBridgeServices", "ProductService\ShopBridgeServices.csproj", "{478E89A6-787D-4ACC-A30E-6BAABEFA0077}"
EndProject
Project("{9A19103F-16F7-4668-BE54-9A1E7A4F7556}") = "ShopBridgeRepository", "ProductRepository\ShopBridgeRepository.csproj", "{3853DCCB-B174-4CAC-AAEF-DC201C1C4A59}"
EndProject
Global
	GlobalSection(SolutionConfigurationPlatforms) = preSolution
		Debug|Any CPU = Debug|Any CPU
		Release|Any CPU = Release|Any CPU
	EndGlobalSection
	GlobalSection(ProjectConfigurationPlatforms) = postSolution
		{946AEAA7-0332-4EF5-A573-3B6788E1EB94}.Debug|Any CPU.ActiveCfg = Debug|Any CPU
		{946AEAA7-0332-4EF5-A573-3B6788E1EB94}.Debug|Any CPU.Build.0 = Debug|Any CPU
		{946AEAA7-0332-4EF5-A573-3B6788E1EB94}.Release|Any CPU.ActiveCfg = Release|Any CPU
		{946AEAA7-0332-4EF5-A573-3B6788E1EB94}.Release|Any CPU.Build.0 = Release|Any CPU
		{478E89A6-787D-4ACC-A30E-6BAABEFA0077}.Debug|Any CPU.ActiveCfg = Debug|Any CPU
		{478E89A6-787D-4ACC-A30E-6BAABEFA0077}.Debug|Any CPU.Build.0 = Debug|Any CPU
		{478E89A6-787D-4ACC-A30E-6BAABEFA0077}.Release|Any CPU.ActiveCfg = Release|Any CPU
		{478E89A6-787D-4ACC-A30E-6BAABEFA0077}.Release|Any CPU.Build.0 = Release|Any CPU
		{3853DCCB-B174-4CAC-AAEF-DC201C1C4A59}.Debug|Any CPU.ActiveCfg = Debug|Any CPU
		{3853DCCB-B174-4CAC-AAEF-DC201C1C4A59}.Debug|Any CPU.Build.0 = Debug|Any CPU
		{3853DCCB-B174-4CAC-AAEF-DC201C1C4A59}.Release|Any CPU.ActiveCfg = Release|Any CPU
		{3853DCCB-B174-4CAC-AAEF-DC201C1C4A59}.Release|Any CPU.Build.0 = Release|Any CPU
	EndGlobalSection
	GlobalSection(SolutionProperties) = preSolution
		HideSolutionNode = FALSE
	EndGlobalSection
	GlobalSection(ExtensibilityGlobals) = postSolution
		SolutionGuid = {F92FF312-8F6E-42C3-A5AA-96098EC9EA66}
	EndGlobalSection
EndGlobal
